[[package]]
name = "bert_tokenizer"
version = "0.1.0"
dependencies = [
 "indexmap 1.0.2 (registry+https://github.com/rust-lang/crates.io-index)",
 "unicode-normalization 0.1.7 (registry+https://github.com/rust-lang/crates.io-index)",
 "unicode_categories 0.1.1 (registry+https://github.com/rust-lang/crates.io-index)",
]

[[package]]
name = "indexmap"
version = "1.0.2"
source = "registry+https://github.com/rust-lang/crates.io-index"

[[package]]
name = "unicode-normalization"
version = "0.1.7"
source = "registry+https://github.com/rust-lang/crates.io-index"

[[package]]
name = "unicode_categories"
version = "0.1.1"
source = "registry+https://github.com/rust-lang/crates.io-index"

[metadata]
"checksum indexmap 1.0.2 (registry+https://github.com/rust-lang/crates.io-index)" = "7e81a7c05f79578dbc15793d8b619db9ba32b4577003ef3af1a91c416798c58d"
"checksum unicode-normalization 0.1.7 (registry+https://github.com/rust-lang/crates.io-index)" = "6a0180bc61fc5a987082bfa111f4cc95c4caff7f9799f3e46df09163a937aa25"
"checksum unicode_categories 0.1.1 (registry+https://github.com/rust-lang/crates.io-index)" = "39ec24b3121d976906ece63c9daad25b85969647682eee313cb5779fdd69e14e"
